
Microsoft Visual Studio Solution File, Format Version 12.00
# Visual Studio Version 17
VisualStudioVersion = 17.7.34202.233
MinimumVisualStudioVersion = 10.0.40219.1
Project("{8BC9CEB8-8B4A-11D0-8D11-00A0C91BC942}") = "LRU_cache", "LRU_cache\LRU_cache.vcxproj", "{0250E43F-81D8-4654-8861-98CC830DDFBD}"
EndProject
Global
	GlobalSection(SolutionConfigurationPlatforms) = preSolution
		Debug|x64 = Debug|x64
		Debug|x86 = Debug|x86
		Release|x64 = Release|x64
		Release|x86 = Release|x86
	EndGlobalSection
	GlobalSection(ProjectConfigurationPlatforms) = postSolution
		{0250E43F-81D8-4654-8861-98CC830DDFBD}.Debug|x64.ActiveCfg = Debug|x64
		{0250E43F-81D8-4654-8861-98CC830DDFBD}.Debug|x64.Build.0 = Debug|x64
		{0250E43F-81D8-4654-8861-98CC830DDFBD}.Debug|x86.ActiveCfg = Debug|Win32
		{0250E43F-81D8-4654-8861-98CC830DDFBD}.Debug|x86.Build.0 = Debug|Win32
		{0250E43F-81D8-4654-8861-98CC830DDFBD}.Release|x64.ActiveCfg = Release|x64
		{0250E43F-81D8-4654-8861-98CC830DDFBD}.Release|x64.Build.0 = Release|x64
		{0250E43F-81D8-4654-8861-98CC830DDFBD}.Release|x86.ActiveCfg = Release|Win32
		{0250E43F-81D8-4654-8861-98CC830DDFBD}.Release|x86.Build.0 = Release|Win32
	EndGlobalSection
	GlobalSection(SolutionProperties) = preSolution
		HideSolutionNode = FALSE
	EndGlobalSection
	GlobalSection(ExtensibilityGlobals) = postSolution
		SolutionGuid = {8953ADCC-D8AA-4C2C-A5A4-E2F392B61AAE}
	EndGlobalSection
EndGlobal
